
Microsoft Visual Studio Solution File, Format Version 12.00
# Visual Studio Version 17
VisualStudioVersion = 17.0.31903.59
MinimumVisualStudioVersion = 10.0.40219.1
Project("{FAE04EC0-301F-11D3-BF4B-00C04F79EFBC}") = "minimal_api", "Api\minimal_api.csproj", "{FBFB03CA-797F-4B85-8AE9-5F68E5B2B915}"
EndProject
Project("{FAE04EC0-301F-11D3-BF4B-00C04F79EFBC}") = "Test", "Test\Test.csproj", "{B593891C-5334-4C40-BB5E-B1B0C403298D}"
EndProject
Global
	GlobalSection(SolutionConfigurationPlatforms) = preSolution
		Debug|Any CPU = Debug|Any CPU
		Release|Any CPU = Release|Any CPU
	EndGlobalSection
	GlobalSection(SolutionProperties) = preSolution
		HideSolutionNode = FALSE
	EndGlobalSection
	GlobalSection(ProjectConfigurationPlatforms) = postSolution
		{FBFB03CA-797F-4B85-8AE9-5F68E5B2B915}.Debug|Any CPU.ActiveCfg = Debug|Any CPU
		{FBFB03CA-797F-4B85-8AE9-5F68E5B2B915}.Debug|Any CPU.Build.0 = Debug|Any CPU
		{FBFB03CA-797F-4B85-8AE9-5F68E5B2B915}.Release|Any CPU.ActiveCfg = Release|Any CPU
		{FBFB03CA-797F-4B85-8AE9-5F68E5B2B915}.Release|Any CPU.Build.0 = Release|Any CPU
		{B593891C-5334-4C40-BB5E-B1B0C403298D}.Debug|Any CPU.ActiveCfg = Debug|Any CPU
		{B593891C-5334-4C40-BB5E-B1B0C403298D}.Debug|Any CPU.Build.0 = Debug|Any CPU
		{B593891C-5334-4C40-BB5E-B1B0C403298D}.Release|Any CPU.ActiveCfg = Release|Any CPU
		{B593891C-5334-4C40-BB5E-B1B0C403298D}.Release|Any CPU.Build.0 = Release|Any CPU
	EndGlobalSection
EndGlobal
